{
  "version": 4,
  "terraform_version": "1.1.7",
  "serial": 68,
  "lineage": "25f92181-5d12-4ebc-ec8e-aba5d9229518",
  "outputs": {},
  "resources": [
    {
      "mode": "data",
      "type": "azurerm_public_ip",
      "name": "ip-aula",
      "provider": "provider[\"registry.terraform.io/hashicorp/azurerm\"]",
      "instances": [
        {
          "schema_version": 0,
          "attributes": {
            "allocation_method": "Static",
            "domain_name_label": "",
            "fqdn": "",
            "id": "/subscriptions/32ac37f2-7fea-4f00-b900-1dc474acd5e5/resourceGroups/aulainfracloudterraform/providers/Microsoft.Network/publicIPAddresses/ip-aula",
            "idle_timeout_in_minutes": 4,
            "ip_address": "20.101.71.53",
            "ip_tags": {},
            "ip_version": "IPv4",
            "location": "westeurope",
            "name": "ip-aula",
            "resource_group_name": "aulainfracloudterraform",
            "reverse_fqdn": "",
            "sku": "Basic",
            "tags": {
              "environment": "test"
            },
            "timeouts": null,
            "zones": []
          },
          "sensitive_attributes": []
        }
      ]
    },
    {
      "mode": "managed",
      "type": "azurerm_network_interface",
      "name": "nic-aulainfra",
      "provider": "provider[\"registry.terraform.io/hashicorp/azurerm\"]",
      "instances": [
        {
          "schema_version": 0,
          "attributes": {
            "applied_dns_servers": [],
            "dns_servers": [],
            "edge_zone": "",
            "enable_accelerated_networking": false,
            "enable_ip_forwarding": false,
            "id": "/subscriptions/32ac37f2-7fea-4f00-b900-1dc474acd5e5/resourceGroups/aulainfracloudterraform/providers/Microsoft.Network/networkInterfaces/nicaulainfra",
            "internal_dns_name_label": "",
            "internal_domain_name_suffix": "k0umu1naidpunlbcgxqvrjtj5f.ax.internal.cloudapp.net",
            "ip_configuration": [
              {
                "gateway_load_balancer_frontend_ip_configuration_id": "",
                "name": "ip-aula-nic",
                "primary": true,
                "private_ip_address": "10.0.1.4",
                "private_ip_address_allocation": "Dynamic",
                "private_ip_address_version": "IPv4",
                "public_ip_address_id": "/subscriptions/32ac37f2-7fea-4f00-b900-1dc474acd5e5/resourceGroups/aulainfracloudterraform/providers/Microsoft.Network/publicIPAddresses/ip-aula",
                "subnet_id": "/subscriptions/32ac37f2-7fea-4f00-b900-1dc474acd5e5/resourceGroups/aulainfracloudterraform/providers/Microsoft.Network/virtualNetworks/vnet-aula/subnets/sub-aula"
              }
            ],
            "location": "westeurope",
            "mac_address": "60-45-BD-94-37-FD",
            "name": "nicaulainfra",
            "private_ip_address": "10.0.1.4",
            "private_ip_addresses": [
              "10.0.1.4"
            ],
            "resource_group_name": "aulainfracloudterraform",
            "tags": {},
            "timeouts": null,
            "virtual_machine_id": "/subscriptions/32ac37f2-7fea-4f00-b900-1dc474acd5e5/resourceGroups/aulainfracloudterraform/providers/Microsoft.Compute/virtualMachines/vmaulacloud"
          },
          "sensitive_attributes": [],
          "private": "eyJlMmJmYjczMC1lY2FhLTExZTYtOGY4OC0zNDM2M2JjN2M0YzAiOnsiY3JlYXRlIjoxODAwMDAwMDAwMDAwLCJkZWxldGUiOjE4MDAwMDAwMDAwMDAsInJlYWQiOjMwMDAwMDAwMDAwMCwidXBkYXRlIjoxODAwMDAwMDAwMDAwfX0=",
          "dependencies": [
            "azurerm_public_ip.ip-aulainfra",
            "azurerm_resource_group.rg-aulainfracloud",
            "azurerm_subnet.sub-aulainfra",
            "azurerm_virtual_network.vnet-aulainfra"
          ]
        }
      ]
    },
    {
      "mode": "managed",
      "type": "azurerm_network_interface_security_group_association",
      "name": "nic-nsg-aulainfra",
      "provider": "provider[\"registry.terraform.io/hashicorp/azurerm\"]",
      "instances": [
        {
          "schema_version": 0,
          "attributes": {
            "id": "/subscriptions/32ac37f2-7fea-4f00-b900-1dc474acd5e5/resourceGroups/aulainfracloudterraform/providers/Microsoft.Network/networkInterfaces/nicaulainfra|/subscriptions/32ac37f2-7fea-4f00-b900-1dc474acd5e5/resourceGroups/aulainfracloudterraform/providers/Microsoft.Network/networkSecurityGroups/nsg-aula",
            "network_interface_id": "/subscriptions/32ac37f2-7fea-4f00-b900-1dc474acd5e5/resourceGroups/aulainfracloudterraform/providers/Microsoft.Network/networkInterfaces/nicaulainfra",
            "network_security_group_id": "/subscriptions/32ac37f2-7fea-4f00-b900-1dc474acd5e5/resourceGroups/aulainfracloudterraform/providers/Microsoft.Network/networkSecurityGroups/nsg-aula",
            "timeouts": null
          },
          "sensitive_attributes": [],
          "private": "eyJlMmJmYjczMC1lY2FhLTExZTYtOGY4OC0zNDM2M2JjN2M0YzAiOnsiY3JlYXRlIjoxODAwMDAwMDAwMDAwLCJkZWxldGUiOjE4MDAwMDAwMDAwMDAsInJlYWQiOjMwMDAwMDAwMDAwMCwidXBkYXRlIjoxODAwMDAwMDAwMDAwfX0=",
          "dependencies": [
            "azurerm_network_interface.nic-aulainfra",
            "azurerm_network_security_group.nsg-aulainfra",
            "azurerm_public_ip.ip-aulainfra",
            "azurerm_resource_group.rg-aulainfracloud",
            "azurerm_subnet.sub-aulainfra",
            "azurerm_virtual_network.vnet-aulainfra"
          ]
        }
      ]
    },
    {
      "mode": "managed",
      "type": "azurerm_network_security_group",
      "name": "nsg-aulainfra",
      "provider": "provider[\"registry.terraform.io/hashicorp/azurerm\"]",
      "instances": [
        {
          "schema_version": 0,
          "attributes": {
            "id": "/subscriptions/32ac37f2-7fea-4f00-b900-1dc474acd5e5/resourceGroups/aulainfracloudterraform/providers/Microsoft.Network/networkSecurityGroups/nsg-aula",
            "location": "westeurope",
            "name": "nsg-aula",
            "resource_group_name": "aulainfracloudterraform",
            "security_rule": [
              {
                "access": "Allow",
                "description": "",
                "destination_address_prefix": "*",
                "destination_address_prefixes": [],
                "destination_application_security_group_ids": [],
                "destination_port_range": "22",
                "destination_port_ranges": [],
                "direction": "Inbound",
                "name": "SSH",
                "priority": 100,
                "protocol": "Tcp",
                "source_address_prefix": "*",
                "source_address_prefixes": [],
                "source_application_security_group_ids": [],
                "source_port_range": "*",
                "source_port_ranges": []
              },
              {
                "access": "Allow",
                "description": "",
                "destination_address_prefix": "*",
                "destination_address_prefixes": [],
                "destination_application_security_group_ids": [],
                "destination_port_range": "80",
                "destination_port_ranges": [],
                "direction": "Inbound",
                "name": "WEB",
                "priority": 1001,
                "protocol": "Tcp",
                "source_address_prefix": "*",
                "source_address_prefixes": [],
                "source_application_security_group_ids": [],
                "source_port_range": "*",
                "source_port_ranges": []
              }
            ],
            "tags": {
              "environment": "Production"
            },
            "timeouts": null
          },
          "sensitive_attributes": [],
          "private": "eyJlMmJmYjczMC1lY2FhLTExZTYtOGY4OC0zNDM2M2JjN2M0YzAiOnsiY3JlYXRlIjoxODAwMDAwMDAwMDAwLCJkZWxldGUiOjE4MDAwMDAwMDAwMDAsInJlYWQiOjMwMDAwMDAwMDAwMCwidXBkYXRlIjoxODAwMDAwMDAwMDAwfX0=",
          "dependencies": [
            "azurerm_resource_group.rg-aulainfracloud"
          ]
        }
      ]
    },
    {
      "mode": "managed",
      "type": "azurerm_public_ip",
      "name": "ip-aulainfra",
      "provider": "provider[\"registry.terraform.io/hashicorp/azurerm\"]",
      "instances": [
        {
          "schema_version": 0,
          "attributes": {
            "allocation_method": "Static",
            "domain_name_label": null,
            "edge_zone": "",
            "fqdn": null,
            "id": "/subscriptions/32ac37f2-7fea-4f00-b900-1dc474acd5e5/resourceGroups/aulainfracloudterraform/providers/Microsoft.Network/publicIPAddresses/ip-aula",
            "idle_timeout_in_minutes": 4,
            "ip_address": "20.101.71.53",
            "ip_tags": {},
            "ip_version": "IPv4",
            "location": "westeurope",
            "name": "ip-aula",
            "public_ip_prefix_id": null,
            "resource_group_name": "aulainfracloudterraform",
            "reverse_fqdn": null,
            "sku": "Basic",
            "sku_tier": "Regional",
            "tags": {
              "environment": "test"
            },
            "timeouts": null,
            "zones": []
          },
          "sensitive_attributes": [],
          "private": "eyJlMmJmYjczMC1lY2FhLTExZTYtOGY4OC0zNDM2M2JjN2M0YzAiOnsiY3JlYXRlIjoxODAwMDAwMDAwMDAwLCJkZWxldGUiOjE4MDAwMDAwMDAwMDAsInJlYWQiOjMwMDAwMDAwMDAwMCwidXBkYXRlIjoxODAwMDAwMDAwMDAwfX0=",
          "dependencies": [
            "azurerm_resource_group.rg-aulainfracloud"
          ]
        }
      ]
    },
    {
      "mode": "managed",
      "type": "azurerm_resource_group",
      "name": "rg-aulainfracloud",
      "provider": "provider[\"registry.terraform.io/hashicorp/azurerm\"]",
      "instances": [
        {
          "schema_version": 0,
          "attributes": {
            "id": "/subscriptions/32ac37f2-7fea-4f00-b900-1dc474acd5e5/resourceGroups/aulainfracloudterraform",
            "location": "westeurope",
            "name": "aulainfracloudterraform",
            "tags": {},
            "timeouts": null
          },
          "sensitive_attributes": [],
          "private": "eyJlMmJmYjczMC1lY2FhLTExZTYtOGY4OC0zNDM2M2JjN2M0YzAiOnsiY3JlYXRlIjo1NDAwMDAwMDAwMDAwLCJkZWxldGUiOjU0MDAwMDAwMDAwMDAsInJlYWQiOjMwMDAwMDAwMDAwMCwidXBkYXRlIjo1NDAwMDAwMDAwMDAwfX0="
        }
      ]
    },
    {
      "mode": "managed",
      "type": "azurerm_storage_account",
      "name": "sa-aulainfra",
      "provider": "provider[\"registry.terraform.io/hashicorp/azurerm\"]",
      "instances": [
        {
          "schema_version": 3,
          "attributes": {
            "access_tier": "Hot",
            "account_kind": "StorageV2",
            "account_replication_type": "LRS",
            "account_tier": "Standard",
            "allow_nested_items_to_be_public": true,
            "azure_files_authentication": [],
            "blob_properties": [
              {
                "change_feed_enabled": false,
                "container_delete_retention_policy": [],
                "cors_rule": [],
                "default_service_version": "",
                "delete_retention_policy": [],
                "last_access_time_enabled": false,
                "versioning_enabled": false
              }
            ],
            "custom_domain": [],
            "customer_managed_key": [],
            "edge_zone": "",
            "enable_https_traffic_only": true,
            "id": "/subscriptions/32ac37f2-7fea-4f00-b900-1dc474acd5e5/resourceGroups/aulainfracloudterraform/providers/Microsoft.Storage/storageAccounts/aulainfradan",
            "identity": [],
            "infrastructure_encryption_enabled": false,
            "is_hns_enabled": false,
            "large_file_share_enabled": null,
            "location": "westeurope",
            "min_tls_version": "TLS1_2",
            "name": "aulainfradan",
            "network_rules": [
              {
                "bypass": [
                  "AzureServices"
                ],
                "default_action": "Allow",
                "ip_rules": [],
                "private_link_access": [],
                "virtual_network_subnet_ids": []
              }
            ],
            "nfsv3_enabled": false,
            "primary_access_key": "WgEQ/AD8R06R+mJoOfCIeFt01/V79S80hf+Ov4DQmbSap0lU+zWU9yDRFWBmpviykrhAWCiKWL3ql7tJltlpGQ==",
            "primary_blob_connection_string": "DefaultEndpointsProtocol=https;BlobEndpoint=https://aulainfradan.blob.core.windows.net/;AccountName=aulainfradan;AccountKey=WgEQ/AD8R06R+mJoOfCIeFt01/V79S80hf+Ov4DQmbSap0lU+zWU9yDRFWBmpviykrhAWCiKWL3ql7tJltlpGQ==",
            "primary_blob_endpoint": "https://aulainfradan.blob.core.windows.net/",
            "primary_blob_host": "aulainfradan.blob.core.windows.net",
            "primary_connection_string": "DefaultEndpointsProtocol=https;AccountName=aulainfradan;AccountKey=WgEQ/AD8R06R+mJoOfCIeFt01/V79S80hf+Ov4DQmbSap0lU+zWU9yDRFWBmpviykrhAWCiKWL3ql7tJltlpGQ==;EndpointSuffix=core.windows.net",
            "primary_dfs_endpoint": "https://aulainfradan.dfs.core.windows.net/",
            "primary_dfs_host": "aulainfradan.dfs.core.windows.net",
            "primary_file_endpoint": "https://aulainfradan.file.core.windows.net/",
            "primary_file_host": "aulainfradan.file.core.windows.net",
            "primary_location": "westeurope",
            "primary_queue_endpoint": "https://aulainfradan.queue.core.windows.net/",
            "primary_queue_host": "aulainfradan.queue.core.windows.net",
            "primary_table_endpoint": "https://aulainfradan.table.core.windows.net/",
            "primary_table_host": "aulainfradan.table.core.windows.net",
            "primary_web_endpoint": "https://aulainfradan.z6.web.core.windows.net/",
            "primary_web_host": "aulainfradan.z6.web.core.windows.net",
            "queue_encryption_key_type": "Service",
            "queue_properties": [
              {
                "cors_rule": [],
                "hour_metrics": [
                  {
                    "enabled": true,
                    "include_apis": true,
                    "retention_policy_days": 7,
                    "version": "1.0"
                  }
                ],
                "logging": [
                  {
                    "delete": false,
                    "read": false,
                    "retention_policy_days": 0,
                    "version": "1.0",
                    "write": false
                  }
                ],
                "minute_metrics": [
                  {
                    "enabled": false,
                    "include_apis": false,
                    "retention_policy_days": 0,
                    "version": "1.0"
                  }
                ]
              }
            ],
            "resource_group_name": "aulainfracloudterraform",
            "routing": [],
            "secondary_access_key": "xnn0ONDk46nXzNfbnUb61ovaRgZrLf7NPHzVKE0CCfWRtVkY0eBWxWIJQYPJJB2YNm1+YcpJLIVFLM9ykzDtPQ==",
            "secondary_blob_connection_string": "",
            "secondary_blob_endpoint": null,
            "secondary_blob_host": null,
            "secondary_connection_string": "DefaultEndpointsProtocol=https;AccountName=aulainfradan;AccountKey=xnn0ONDk46nXzNfbnUb61ovaRgZrLf7NPHzVKE0CCfWRtVkY0eBWxWIJQYPJJB2YNm1+YcpJLIVFLM9ykzDtPQ==;EndpointSuffix=core.windows.net",
            "secondary_dfs_endpoint": null,
            "secondary_dfs_host": null,
            "secondary_file_endpoint": null,
            "secondary_file_host": null,
            "secondary_location": "",
            "secondary_queue_endpoint": null,
            "secondary_queue_host": null,
            "secondary_table_endpoint": null,
            "secondary_table_host": null,
            "secondary_web_endpoint": null,
            "secondary_web_host": null,
            "share_properties": [
              {
                "cors_rule": [],
                "retention_policy": [
                  {
                    "days": 7
                  }
                ],
                "smb": []
              }
            ],
            "shared_access_key_enabled": true,
            "static_website": [],
            "table_encryption_key_type": "Service",
            "tags": {
              "environment": "staging"
            },
            "timeouts": null
          },
          "sensitive_attributes": [],
          "private": "eyJlMmJmYjczMC1lY2FhLTExZTYtOGY4OC0zNDM2M2JjN2M0YzAiOnsiY3JlYXRlIjozNjAwMDAwMDAwMDAwLCJkZWxldGUiOjM2MDAwMDAwMDAwMDAsInJlYWQiOjMwMDAwMDAwMDAwMCwidXBkYXRlIjozNjAwMDAwMDAwMDAwfSwic2NoZW1hX3ZlcnNpb24iOiIzIn0=",
          "dependencies": [
            "azurerm_resource_group.rg-aulainfracloud"
          ]
        }
      ]
    },
    {
      "mode": "managed",
      "type": "azurerm_subnet",
      "name": "sub-aulainfra",
      "provider": "provider[\"registry.terraform.io/hashicorp/azurerm\"]",
      "instances": [
        {
          "schema_version": 0,
          "attributes": {
            "address_prefixes": [
              "10.0.1.0/24"
            ],
            "delegation": [],
            "enforce_private_link_endpoint_network_policies": false,
            "enforce_private_link_service_network_policies": false,
            "id": "/subscriptions/32ac37f2-7fea-4f00-b900-1dc474acd5e5/resourceGroups/aulainfracloudterraform/providers/Microsoft.Network/virtualNetworks/vnet-aula/subnets/sub-aula",
            "name": "sub-aula",
            "resource_group_name": "aulainfracloudterraform",
            "service_endpoint_policy_ids": [],
            "service_endpoints": [],
            "timeouts": null,
            "virtual_network_name": "vnet-aula"
          },
          "sensitive_attributes": [],
          "private": "eyJlMmJmYjczMC1lY2FhLTExZTYtOGY4OC0zNDM2M2JjN2M0YzAiOnsiY3JlYXRlIjoxODAwMDAwMDAwMDAwLCJkZWxldGUiOjE4MDAwMDAwMDAwMDAsInJlYWQiOjMwMDAwMDAwMDAwMCwidXBkYXRlIjoxODAwMDAwMDAwMDAwfX0=",
          "dependencies": [
            "azurerm_resource_group.rg-aulainfracloud",
            "azurerm_virtual_network.vnet-aulainfra"
          ]
        }
      ]
    },
    {
      "mode": "managed",
      "type": "azurerm_virtual_machine",
      "name": "vm-aulainfra",
      "provider": "provider[\"registry.terraform.io/hashicorp/azurerm\"]",
      "instances": [
        {
          "schema_version": 0,
          "attributes": {
            "additional_capabilities": [],
            "availability_set_id": null,
            "boot_diagnostics": [],
            "delete_data_disks_on_termination": false,
            "delete_os_disk_on_termination": false,
            "id": "/subscriptions/32ac37f2-7fea-4f00-b900-1dc474acd5e5/resourceGroups/aulainfracloudterraform/providers/Microsoft.Compute/virtualMachines/vmaulacloud",
            "identity": [],
            "license_type": null,
            "location": "westeurope",
            "name": "vmaulacloud",
            "network_interface_ids": [
              "/subscriptions/32ac37f2-7fea-4f00-b900-1dc474acd5e5/resourceGroups/aulainfracloudterraform/providers/Microsoft.Network/networkInterfaces/nicaulainfra"
            ],
            "os_profile": [
              {
                "admin_password": "",
                "admin_username": "danlogin",
                "computer_name": "hostname",
                "custom_data": ""
              }
            ],
            "os_profile_linux_config": [
              {
                "disable_password_authentication": false,
                "ssh_keys": []
              }
            ],
            "os_profile_secrets": [],
            "os_profile_windows_config": [],
            "plan": [],
            "primary_network_interface_id": null,
            "proximity_placement_group_id": null,
            "resource_group_name": "aulainfracloudterraform",
            "storage_data_disk": [],
            "storage_image_reference": [
              {
                "id": "",
                "offer": "UbuntuServer",
                "publisher": "Canonical",
                "sku": "16.04-LTS",
                "version": "latest"
              }
            ],
            "storage_os_disk": [
              {
                "caching": "ReadWrite",
                "create_option": "FromImage",
                "disk_size_gb": 30,
                "image_uri": "",
                "managed_disk_id": "/subscriptions/32ac37f2-7fea-4f00-b900-1dc474acd5e5/resourceGroups/aulainfracloudterraform/providers/Microsoft.Compute/disks/myosdisk1",
                "managed_disk_type": "Standard_LRS",
                "name": "myosdisk1",
                "os_type": "Linux",
                "vhd_uri": "",
                "write_accelerator_enabled": false
              }
            ],
            "tags": {
              "environment": "staging"
            },
            "timeouts": null,
            "vm_size": "Standard_DS1_v2",
            "zones": []
          },
          "sensitive_attributes": [],
          "private": "eyJlMmJmYjczMC1lY2FhLTExZTYtOGY4OC0zNDM2M2JjN2M0YzAiOnsiY3JlYXRlIjozNjAwMDAwMDAwMDAwLCJkZWxldGUiOjM2MDAwMDAwMDAwMDAsInJlYWQiOjMwMDAwMDAwMDAwMCwidXBkYXRlIjozNjAwMDAwMDAwMDAwfX0=",
          "dependencies": [
            "azurerm_network_interface.nic-aulainfra",
            "azurerm_public_ip.ip-aulainfra",
            "azurerm_resource_group.rg-aulainfracloud",
            "azurerm_subnet.sub-aulainfra",
            "azurerm_virtual_network.vnet-aulainfra"
          ]
        }
      ]
    },
    {
      "mode": "managed",
      "type": "azurerm_virtual_network",
      "name": "vnet-aulainfra",
      "provider": "provider[\"registry.terraform.io/hashicorp/azurerm\"]",
      "instances": [
        {
          "schema_version": 0,
          "attributes": {
            "address_space": [
              "10.0.0.0/16"
            ],
            "bgp_community": "",
            "ddos_protection_plan": [],
            "dns_servers": [],
            "edge_zone": "",
            "flow_timeout_in_minutes": 0,
            "guid": "6dcaa856-40a0-46df-ac22-35e158a669fd",
            "id": "/subscriptions/32ac37f2-7fea-4f00-b900-1dc474acd5e5/resourceGroups/aulainfracloudterraform/providers/Microsoft.Network/virtualNetworks/vnet-aula",
            "location": "westeurope",
            "name": "vnet-aula",
            "resource_group_name": "aulainfracloudterraform",
            "subnet": [
              {
                "address_prefix": "10.0.1.0/24",
                "id": "/subscriptions/32ac37f2-7fea-4f00-b900-1dc474acd5e5/resourceGroups/aulainfracloudterraform/providers/Microsoft.Network/virtualNetworks/vnet-aula/subnets/sub-aula",
                "name": "sub-aula",
                "security_group": ""
              }
            ],
            "tags": {
              "environment": "Production",
              "faculdade": "Impacta",
              "turma": "ES23"
            },
            "timeouts": null
          },
          "sensitive_attributes": [],
          "private": "eyJlMmJmYjczMC1lY2FhLTExZTYtOGY4OC0zNDM2M2JjN2M0YzAiOnsiY3JlYXRlIjoxODAwMDAwMDAwMDAwLCJkZWxldGUiOjE4MDAwMDAwMDAwMDAsInJlYWQiOjMwMDAwMDAwMDAwMCwidXBkYXRlIjoxODAwMDAwMDAwMDAwfX0=",
          "dependencies": [
            "azurerm_resource_group.rg-aulainfracloud"
          ]
        }
      ]
    },
    {
      "mode": "managed",
      "type": "null_resource",
      "name": "install-apache",
      "provider": "provider[\"registry.terraform.io/hashicorp/null\"]",
      "instances": [
        {
          "schema_version": 0,
          "attributes": {
            "id": "4072080231276432799",
            "triggers": null
          },
          "sensitive_attributes": [],
          "private": "bnVsbA==",
          "dependencies": [
            "azurerm_network_interface.nic-aulainfra",
            "azurerm_public_ip.ip-aulainfra",
            "azurerm_resource_group.rg-aulainfracloud",
            "azurerm_subnet.sub-aulainfra",
            "azurerm_virtual_machine.vm-aulainfra",
            "azurerm_virtual_network.vnet-aulainfra",
            "data.azurerm_public_ip.ip-aula"
          ]
        }
      ]
    },
    {
      "mode": "managed",
      "type": "null_resource",
      "name": "upload-app",
      "provider": "provider[\"registry.terraform.io/hashicorp/null\"]",
      "instances": [
        {
          "schema_version": 0,
          "attributes": {
            "id": "9186118261045154638",
            "triggers": null
          },
          "sensitive_attributes": [],
          "private": "bnVsbA==",
          "dependencies": [
            "azurerm_virtual_machine.vm-aulainfra",
            "data.azurerm_public_ip.ip-aula"
          ]
        }
      ]
    }
  ]
}
